
Microsoft Visual Studio Solution File, Format Version 12.00
# Visual Studio Version 17
VisualStudioVersion = 17.9.34616.47
MinimumVisualStudioVersion = 10.0.40219.1
Project("{FAE04EC0-301F-11D3-BF4B-00C04F79EFBC}") = "Reverse_Stack", "Reverse_Stack\Reverse_Stack.csproj", "{F41BE756-A9CD-436D-BAA0-92C8C626BE83}"
EndProject
Global
	GlobalSection(SolutionConfigurationPlatforms) = preSolution
		Debug|Any CPU = Debug|Any CPU
		Release|Any CPU = Release|Any CPU
	EndGlobalSection
	GlobalSection(ProjectConfigurationPlatforms) = postSolution
		{F41BE756-A9CD-436D-BAA0-92C8C626BE83}.Debug|Any CPU.ActiveCfg = Debug|Any CPU
		{F41BE756-A9CD-436D-BAA0-92C8C626BE83}.Debug|Any CPU.Build.0 = Debug|Any CPU
		{F41BE756-A9CD-436D-BAA0-92C8C626BE83}.Release|Any CPU.ActiveCfg = Release|Any CPU
		{F41BE756-A9CD-436D-BAA0-92C8C626BE83}.Release|Any CPU.Build.0 = Release|Any CPU
	EndGlobalSection
	GlobalSection(SolutionProperties) = preSolution
		HideSolutionNode = FALSE
	EndGlobalSection
	GlobalSection(ExtensibilityGlobals) = postSolution
		SolutionGuid = {3C56BC5A-06EB-480F-BF6D-9E95B4E42E89}
	EndGlobalSection
EndGlobal
