
Microsoft Visual Studio Solution File, Format Version 12.00
# Visual Studio Version 17
VisualStudioVersion = 17.9.34616.47
MinimumVisualStudioVersion = 10.0.40219.1
Project("{FAE04EC0-301F-11D3-BF4B-00C04F79EFBC}") = "Merge_Sort_for_Linked_List", "Merge_Sort_for_Linked_List\Merge_Sort_for_Linked_List.csproj", "{B193F066-F996-4568-ACA9-7118042C887F}"
EndProject
Global
	GlobalSection(SolutionConfigurationPlatforms) = preSolution
		Debug|Any CPU = Debug|Any CPU
		Release|Any CPU = Release|Any CPU
	EndGlobalSection
	GlobalSection(ProjectConfigurationPlatforms) = postSolution
		{B193F066-F996-4568-ACA9-7118042C887F}.Debug|Any CPU.ActiveCfg = Debug|Any CPU
		{B193F066-F996-4568-ACA9-7118042C887F}.Debug|Any CPU.Build.0 = Debug|Any CPU
		{B193F066-F996-4568-ACA9-7118042C887F}.Release|Any CPU.ActiveCfg = Release|Any CPU
		{B193F066-F996-4568-ACA9-7118042C887F}.Release|Any CPU.Build.0 = Release|Any CPU
	EndGlobalSection
	GlobalSection(SolutionProperties) = preSolution
		HideSolutionNode = FALSE
	EndGlobalSection
	GlobalSection(ExtensibilityGlobals) = postSolution
		SolutionGuid = {39625475-7E1E-4D4E-B5F8-E484FC454646}
	EndGlobalSection
EndGlobal
