
Microsoft Visual Studio Solution File, Format Version 12.00
# Visual Studio Version 17
VisualStudioVersion = 17.9.34616.47
MinimumVisualStudioVersion = 10.0.40219.1
Project("{FAE04EC0-301F-11D3-BF4B-00C04F79EFBC}") = "Sort_stack", "Sort_stack\Sort_stack.csproj", "{A6281CCA-F76A-41F1-AE6E-630DA1230E45}"
EndProject
Global
	GlobalSection(SolutionConfigurationPlatforms) = preSolution
		Debug|Any CPU = Debug|Any CPU
		Release|Any CPU = Release|Any CPU
	EndGlobalSection
	GlobalSection(ProjectConfigurationPlatforms) = postSolution
		{A6281CCA-F76A-41F1-AE6E-630DA1230E45}.Debug|Any CPU.ActiveCfg = Debug|Any CPU
		{A6281CCA-F76A-41F1-AE6E-630DA1230E45}.Debug|Any CPU.Build.0 = Debug|Any CPU
		{A6281CCA-F76A-41F1-AE6E-630DA1230E45}.Release|Any CPU.ActiveCfg = Release|Any CPU
		{A6281CCA-F76A-41F1-AE6E-630DA1230E45}.Release|Any CPU.Build.0 = Release|Any CPU
	EndGlobalSection
	GlobalSection(SolutionProperties) = preSolution
		HideSolutionNode = FALSE
	EndGlobalSection
	GlobalSection(ExtensibilityGlobals) = postSolution
		SolutionGuid = {E21284DB-77F9-4318-BC8D-E0C975B2DAD2}
	EndGlobalSection
EndGlobal
